schema: '2.0'
stages:
  build_features:
    cmd: python src\features\build_features.py
    deps:
    - path: src\features\build_features.py
      hash: md5
      md5: c953462f54cf55393303f6cbd976f3a2
      size: 3758
    params:
      params.yaml:
        build_features.drop_rows: 30
        build_features.rolling_window: 30
    outs:
    - path: data/processed/df_final.csv
      hash: md5
      md5: adb00de10c9f30ac4154c5257fa29bc4
      size: 6507823
  train_model:
    cmd: python src/models/train_model.py
    deps:
    - path: data/processed
      hash: md5
      md5: 6c4c29c916155a080a94c7e66bc412c4.dir
      size: 6507823
      nfiles: 2
    - path: src/models/train_model.py
      hash: md5
      md5: 3df84eb8a1bbd46230d2e237db237158
      size: 2904
    params:
      params.yaml:
        train_model.learning_rate: 0.2
        train_model.max_depth: 20
        train_model.model: xgboost
        train_model.n_estimators: 50
        train_model.test_size: 0.2
    outs:
    - path: models/pipe.pkl
      hash: md5
      md5: 146d307580968ccabb2ffb969b2ee54c
      size: 60867679
