schema: '2.0'
stages:
  build_features:
    cmd: python src\features\build_features.py
    deps:
    - path: src\features\build_features.py
      hash: md5
      md5: 3989ca15c7016d26e173d71d8021e676
      size: 3889
    outs:
    - path: data/processed/df_final.csv
      hash: md5
      md5: 5e8e2e8f668679068697452409086629
      size: 5411378
  train_model:
    cmd: python src/models/train_model.py
    deps:
    - path: data/processed
      hash: md5
      md5: 5d53d93c80f89f5669ac5df64aaf48fb.dir
      size: 5411378
      nfiles: 2
    - path: src/models/train_model.py
      hash: md5
      md5: 8810e4bad4f917956618fb538f594001
      size: 1367
    outs:
    - path: models/pipe_xgb.pkl
      hash: md5
      md5: 1855688db8b42fad6e199252e9ad267c
      size: 462160
